// !$*UTF8*$!
{
	archiveVersion = 1;
	classes = {
	};
	objectVersion = 60;
	objects = {

/* Begin PBXBuildFile section */
		116038762DF102C000F18D93 /* GoalsPageView.swift in Sources */ = {isa = PBXBuildFile; fileRef = 116038752DF102C000F18D93 /* GoalsPageView.swift */; };
		1199305F2E75B95700406FC6 /* DeviceActivity.framework in Frameworks */ = {isa = PBXBuildFile; fileRef = 1199305E2E75B95700406FC6 /* DeviceActivity.framework */; };
		119930672E75B95700406FC6 /* DeviceActivityMonitor.appex in Embed Foundation Extensions */ = {isa = PBXBuildFile; fileRef = 1199305C2E75B95600406FC6 /* DeviceActivityMonitor.appex */; settings = {ATTRIBUTES = (RemoveHeadersOnCopy, ); }; };
		903CADC02E679AF9001D63A6 /* LoginView.swift in Sources */ = {isa = PBXBuildFile; fileRef = 903CADBC2E679AF9001D63A6 /* LoginView.swift */; };
		903CADC12E679AF9001D63A6 /* StatsView.swift in Sources */ = {isa = PBXBuildFile; fileRef = 903CADBD2E679AF9001D63A6 /* StatsView.swift */; };
		903CADC22E679AF9001D63A6 /* MainAppView.swift in Sources */ = {isa = PBXBuildFile; fileRef = 903CADBE2E679AF9001D63A6 /* MainAppView.swift */; };
		90459F972DE24C2A0045BAB9 /* CoderSchool_working_towards_congrsional_app_challengeApp.swift in Sources */ = {isa = PBXBuildFile; fileRef = 90459F962DE24C2A0045BAB9 /* CoderSchool_working_towards_congrsional_app_challengeApp.swift */; };
		90459F992DE24C2A0045BAB9 /* SettingsView.swift in Sources */ = {isa = PBXBuildFile; fileRef = 90459F982DE24C2A0045BAB9 /* SettingsView.swift */; };
		90459F9B2DE24C2B0045BAB9 /* Assets.xcassets in Resources */ = {isa = PBXBuildFile; fileRef = 90459F9A2DE24C2B0045BAB9 /* Assets.xcassets */; };
		90459F9E2DE24C2B0045BAB9 /* Preview Assets.xcassets in Resources */ = {isa = PBXBuildFile; fileRef = 90459F9D2DE24C2B0045BAB9 /* Preview Assets.xcassets */; };
		905579232DE7C75B00068FAE /* NavigationTabs.swift in Sources */ = {isa = PBXBuildFile; fileRef = 905579222DE7C75B00068FAE /* NavigationTabs.swift */; };
		AAD60A492E5F6BA300940EF7 /* Reccomendations.swift in Sources */ = {isa = PBXBuildFile; fileRef = AAD60A482E5F6B9E00940EF7 /* Reccomendations.swift */; };
/* End PBXBuildFile section */

/* Begin PBXContainerItemProxy section */
		119930652E75B95700406FC6 /* PBXContainerItemProxy */ = {
			isa = PBXContainerItemProxy;
			containerPortal = 90459F8B2DE24C2A0045BAB9 /* Project object */;
			proxyType = 1;
			remoteGlobalIDString = 1199305B2E75B95600406FC6;
			remoteInfo = DeviceActivityMonitor;
		};
/* End PBXContainerItemProxy section */

/* Begin PBXCopyFilesBuildPhase section */
		1199306C2E75B95700406FC6 /* Embed Foundation Extensions */ = {
			isa = PBXCopyFilesBuildPhase;
			buildActionMask = 2147483647;
			dstPath = "";
			dstSubfolderSpec = 13;
			files = (
				119930672E75B95700406FC6 /* DeviceActivityMonitor.appex in Embed Foundation Extensions */,
			);
			name = "Embed Foundation Extensions";
			runOnlyForDeploymentPostprocessing = 0;
		};
/* End PBXCopyFilesBuildPhase section */

/* Begin PBXFileReference section */
		112674A82E633F1D008519C2 /* CoderSchool working towards congrsional app challenge.entitlements */ = {isa = PBXFileReference; lastKnownFileType = text.plist.entitlements; path = "CoderSchool working towards congrsional app challenge.entitlements"; sourceTree = "<group>"; };
		116038752DF102C000F18D93 /* GoalsPageView.swift */ = {isa = PBXFileReference; lastKnownFileType = sourcecode.swift; path = GoalsPageView.swift; sourceTree = "<group>"; };
		1199305C2E75B95600406FC6 /* DeviceActivityMonitor.appex */ = {isa = PBXFileReference; explicitFileType = "wrapper.app-extension"; includeInIndex = 0; path = DeviceActivityMonitor.appex; sourceTree = BUILT_PRODUCTS_DIR; };
		1199305E2E75B95700406FC6 /* DeviceActivity.framework */ = {isa = PBXFileReference; lastKnownFileType = wrapper.framework; name = DeviceActivity.framework; path = System/Library/Frameworks/DeviceActivity.framework; sourceTree = SDKROOT; };
		903CADBC2E679AF9001D63A6 /* LoginView.swift */ = {isa = PBXFileReference; fileEncoding = 4; lastKnownFileType = sourcecode.swift; path = LoginView.swift; sourceTree = "<group>"; };
		903CADBD2E679AF9001D63A6 /* StatsView.swift */ = {isa = PBXFileReference; fileEncoding = 4; lastKnownFileType = sourcecode.swift; path = StatsView.swift; sourceTree = "<group>"; };
		903CADBE2E679AF9001D63A6 /* MainAppView.swift */ = {isa = PBXFileReference; fileEncoding = 4; lastKnownFileType = sourcecode.swift; path = MainAppView.swift; sourceTree = "<group>"; };
		90459F932DE24C2A0045BAB9 /* CoderSchool working towards congrsional app challenge.app */ = {isa = PBXFileReference; explicitFileType = wrapper.application; includeInIndex = 0; path = "CoderSchool working towards congrsional app challenge.app"; sourceTree = BUILT_PRODUCTS_DIR; };
		90459F962DE24C2A0045BAB9 /* CoderSchool_working_towards_congrsional_app_challengeApp.swift */ = {isa = PBXFileReference; lastKnownFileType = sourcecode.swift; path = CoderSchool_working_towards_congrsional_app_challengeApp.swift; sourceTree = "<group>"; };
		90459F982DE24C2A0045BAB9 /* SettingsView.swift */ = {isa = PBXFileReference; lastKnownFileType = sourcecode.swift; path = SettingsView.swift; sourceTree = "<group>"; };
		90459F9A2DE24C2B0045BAB9 /* Assets.xcassets */ = {isa = PBXFileReference; lastKnownFileType = folder.assetcatalog; path = Assets.xcassets; sourceTree = "<group>"; };
		90459F9D2DE24C2B0045BAB9 /* Preview Assets.xcassets */ = {isa = PBXFileReference; lastKnownFileType = folder.assetcatalog; path = "Preview Assets.xcassets"; sourceTree = "<group>"; };
		905579222DE7C75B00068FAE /* NavigationTabs.swift */ = {isa = PBXFileReference; lastKnownFileType = sourcecode.swift; path = NavigationTabs.swift; sourceTree = "<group>"; };
		AAD60A482E5F6B9E00940EF7 /* Reccomendations.swift */ = {isa = PBXFileReference; lastKnownFileType = sourcecode.swift; path = Reccomendations.swift; sourceTree = "<group>"; };
		AAD60A4A2E62664800940EF7 /* CoderSchool working towards congrsional app challenge.entitlements */ = {isa = PBXFileReference; lastKnownFileType = text.plist.entitlements; path = "CoderSchool working towards congrsional app challenge.entitlements"; sourceTree = "<group>"; };
/* End PBXFileReference section */

/* Begin PBXFileSystemSynchronizedBuildFileExceptionSet section */
		119930682E75B95700406FC6 /* PBXFileSystemSynchronizedBuildFileExceptionSet */ = {
			isa = PBXFileSystemSynchronizedBuildFileExceptionSet;
			membershipExceptions = (
				Info.plist,
			);
			target = 1199305B2E75B95600406FC6 /* DeviceActivityMonitor */;
		};
/* End PBXFileSystemSynchronizedBuildFileExceptionSet section */

/* Begin PBXFileSystemSynchronizedRootGroup section */
		119930602E75B95700406FC6 /* DeviceActivityMonitor */ = {isa = PBXFileSystemSynchronizedRootGroup; exceptions = (119930682E75B95700406FC6 /* PBXFileSystemSynchronizedBuildFileExceptionSet */, ); explicitFileTypes = {}; explicitFolders = (); path = DeviceActivityMonitor; sourceTree = "<group>"; };
/* End PBXFileSystemSynchronizedRootGroup section */

/* Begin PBXFrameworksBuildPhase section */
		119930592E75B95600406FC6 /* Frameworks */ = {
			isa = PBXFrameworksBuildPhase;
			buildActionMask = 2147483647;
			files = (
				1199305F2E75B95700406FC6 /* DeviceActivity.framework in Frameworks */,
			);
			runOnlyForDeploymentPostprocessing = 0;
		};
		90459F902DE24C2A0045BAB9 /* Frameworks */ = {
			isa = PBXFrameworksBuildPhase;
			buildActionMask = 2147483647;
			files = (
			);
			runOnlyForDeploymentPostprocessing = 0;
		};
/* End PBXFrameworksBuildPhase section */

/* Begin PBXGroup section */
		1199305D2E75B95700406FC6 /* Frameworks */ = {
			isa = PBXGroup;
			children = (
				1199305E2E75B95700406FC6 /* DeviceActivity.framework */,
			);
			name = Frameworks;
			sourceTree = "<group>";
		};
		90459F8A2DE24C2A0045BAB9 = {
			isa = PBXGroup;
			children = (
				90459F952DE24C2A0045BAB9 /* CoderSchool working towards congrsional app challenge */,
				119930602E75B95700406FC6 /* DeviceActivityMonitor */,
				1199305D2E75B95700406FC6 /* Frameworks */,
				90459F942DE24C2A0045BAB9 /* Products */,
			);
			sourceTree = "<group>";
		};
		90459F942DE24C2A0045BAB9 /* Products */ = {
			isa = PBXGroup;
			children = (
				90459F932DE24C2A0045BAB9 /* CoderSchool working towards congrsional app challenge.app */,
				1199305C2E75B95600406FC6 /* DeviceActivityMonitor.appex */,
			);
			name = Products;
			sourceTree = "<group>";
		};
		90459F952DE24C2A0045BAB9 /* CoderSchool working towards congrsional app challenge */ = {
			isa = PBXGroup;
			children = (
				112674A82E633F1D008519C2 /* CoderSchool working towards congrsional app challenge.entitlements */,
				AAD60A4A2E62664800940EF7 /* CoderSchool working towards congrsional app challenge.entitlements */,
				90459F962DE24C2A0045BAB9 /* CoderSchool_working_towards_congrsional_app_challengeApp.swift */,

				90459F982DE24C2A0045BAB9 /* ContentView.swift */,
				903CADBC2E679AF9001D63A6 /* LoginView.swift */,
				903CADBE2E679AF9001D63A6 /* MainAppView.swift */,
				903CADBD2E679AF9001D63A6 /* StatsView.swift */,
				90459F982DE24C2A0045BAB9 /* SettingsView.swift */,
				AAD60A482E5F6B9E00940EF7 /* Reccomendations.swift */,
				90459F9A2DE24C2B0045BAB9 /* Assets.xcassets */,
				905579222DE7C75B00068FAE /* NavigationTabs.swift */,
				116038752DF102C000F18D93 /* GoalsPageView.swift */,
				90459F9C2DE24C2B0045BAB9 /* Preview Content */,
			);
			path = "CoderSchool working towards congrsional app challenge";
			sourceTree = "<group>";
		};
		90459F9C2DE24C2B0045BAB9 /* Preview Content */ = {
			isa = PBXGroup;
			children = (
				90459F9D2DE24C2B0045BAB9 /* Preview Assets.xcassets */,
			);
			path = "Preview Content";
			sourceTree = "<group>";
		};
/* End PBXGroup section */

/* Begin PBXNativeTarget section */
		1199305B2E75B95600406FC6 /* DeviceActivityMonitor */ = {
			isa = PBXNativeTarget;
			buildConfigurationList = 119930692E75B95700406FC6 /* Build configuration list for PBXNativeTarget "DeviceActivityMonitor" */;
			buildPhases = (
				119930582E75B95600406FC6 /* Sources */,
				119930592E75B95600406FC6 /* Frameworks */,
				1199305A2E75B95600406FC6 /* Resources */,
			);
			buildRules = (
			);
			dependencies = (
			);
			fileSystemSynchronizedGroups = (
				119930602E75B95700406FC6 /* DeviceActivityMonitor */,
			);
			name = DeviceActivityMonitor;
			packageProductDependencies = (
			);
			productName = DeviceActivityMonitor;
			productReference = 1199305C2E75B95600406FC6 /* DeviceActivityMonitor.appex */;
			productType = "com.apple.product-type.app-extension";
		};
		90459F922DE24C2A0045BAB9 /* CoderSchool working towards congrsional app challenge */ = {
			isa = PBXNativeTarget;
			buildConfigurationList = 90459FA12DE24C2B0045BAB9 /* Build configuration list for PBXNativeTarget "CoderSchool working towards congrsional app challenge" */;
			buildPhases = (
				90459F8F2DE24C2A0045BAB9 /* Sources */,
				90459F902DE24C2A0045BAB9 /* Frameworks */,
				90459F912DE24C2A0045BAB9 /* Resources */,
				1199306C2E75B95700406FC6 /* Embed Foundation Extensions */,
			);
			buildRules = (
			);
			dependencies = (
				119930662E75B95700406FC6 /* PBXTargetDependency */,
			);
			name = "CoderSchool working towards congrsional app challenge";
			productName = "CoderSchool working towards congrsional app challenge";
			productReference = 90459F932DE24C2A0045BAB9 /* CoderSchool working towards congrsional app challenge.app */;
			productType = "com.apple.product-type.application";
		};
/* End PBXNativeTarget section */

/* Begin PBXProject section */
		90459F8B2DE24C2A0045BAB9 /* Project object */ = {
			isa = PBXProject;
			attributes = {
				BuildIndependentTargetsInParallel = 1;
				LastSwiftUpdateCheck = 1640;
				LastUpgradeCheck = 1640;
				TargetAttributes = {
					1199305B2E75B95600406FC6 = {
						CreatedOnToolsVersion = 16.4;
					};
					90459F922DE24C2A0045BAB9 = {
						CreatedOnToolsVersion = 15.3;
					};
				};
			};
			buildConfigurationList = 90459F8E2DE24C2A0045BAB9 /* Build configuration list for PBXProject "CoderSchool working towards congrsional app challenge" */;
			compatibilityVersion = "Xcode 15.0";
			developmentRegion = en;
			hasScannedForEncodings = 0;
			knownRegions = (
				en,
				Base,
			);
			mainGroup = 90459F8A2DE24C2A0045BAB9;
			productRefGroup = 90459F942DE24C2A0045BAB9 /* Products */;
			projectDirPath = "";
			projectRoot = "";
			targets = (
				90459F922DE24C2A0045BAB9 /* CoderSchool working towards congrsional app challenge */,
				1199305B2E75B95600406FC6 /* DeviceActivityMonitor */,
			);
		};
/* End PBXProject section */

/* Begin PBXResourcesBuildPhase section */
		1199305A2E75B95600406FC6 /* Resources */ = {
			isa = PBXResourcesBuildPhase;
			buildActionMask = 2147483647;
			files = (
			);
			runOnlyForDeploymentPostprocessing = 0;
		};
		90459F912DE24C2A0045BAB9 /* Resources */ = {
			isa = PBXResourcesBuildPhase;
			buildActionMask = 2147483647;
			files = (
				90459F9E2DE24C2B0045BAB9 /* Preview Assets.xcassets in Resources */,
				90459F9B2DE24C2B0045BAB9 /* Assets.xcassets in Resources */,
			);
			runOnlyForDeploymentPostprocessing = 0;
		};
/* End PBXResourcesBuildPhase section */

/* Begin PBXSourcesBuildPhase section */
		119930582E75B95600406FC6 /* Sources */ = {
			isa = PBXSourcesBuildPhase;
			buildActionMask = 2147483647;
			files = (
			);
			runOnlyForDeploymentPostprocessing = 0;
		};
		90459F8F2DE24C2A0045BAB9 /* Sources */ = {
			isa = PBXSourcesBuildPhase;
			buildActionMask = 2147483647;
			files = (
				116038762DF102C000F18D93 /* GoalsPageView.swift in Sources */,
				90459F992DE24C2A0045BAB9 /* ContentView.swift in Sources */,
				903CADC22E679AF9001D63A6 /* MainAppView.swift in Sources */,
				903CADC12E679AF9001D63A6 /* StatsView.swift in Sources */,
				90459F972DE24C2A0045BAB9 /* CoderSchool_working_towards_congrsional_app_challengeApp.swift in Sources */,
				903CADC02E679AF9001D63A6 /* LoginView.swift in Sources */,
				90459F992DE24C2A0045BAB9 /* SettingsView.swift in Sources */,
				AAD60A492E5F6BA300940EF7 /* Reccomendations.swift in Sources */,
				905579232DE7C75B00068FAE /* NavigationTabs.swift in Sources */,
			);
			runOnlyForDeploymentPostprocessing = 0;
		};
/* End PBXSourcesBuildPhase section */

/* Begin PBXTargetDependency section */
		119930662E75B95700406FC6 /* PBXTargetDependency */ = {
			isa = PBXTargetDependency;
			target = 1199305B2E75B95600406FC6 /* DeviceActivityMonitor */;
			targetProxy = 119930652E75B95700406FC6 /* PBXContainerItemProxy */;
		};
/* End PBXTargetDependency section */

/* Begin XCBuildConfiguration section */
		1199306A2E75B95700406FC6 /* Debug */ = {
			isa = XCBuildConfiguration;
			buildSettings = {
				CODE_SIGN_ENTITLEMENTS = DeviceActivityMonitor/DeviceActivityMonitor.entitlements;
				CODE_SIGN_STYLE = Automatic;
				CURRENT_PROJECT_VERSION = 1;
				DEVELOPMENT_TEAM = 4LR6TS2F59;
				GENERATE_INFOPLIST_FILE = YES;
				INFOPLIST_FILE = DeviceActivityMonitor/Info.plist;
				INFOPLIST_KEY_CFBundleDisplayName = DeviceActivityMonitor;
				INFOPLIST_KEY_NSHumanReadableCopyright = "";
				IPHONEOS_DEPLOYMENT_TARGET = 18.5;
				LD_RUNPATH_SEARCH_PATHS = (
					"$(inherited)",
					"@executable_path/Frameworks",
					"@executable_path/../../Frameworks",
				);
				MARKETING_VERSION = 1.0;
				PRODUCT_BUNDLE_IDENTIFIER = com.tcsm.orangeteamproject.DeviceActivityMonitor;
				PRODUCT_NAME = "$(TARGET_NAME)";
				SKIP_INSTALL = YES;
				SWIFT_EMIT_LOC_STRINGS = YES;
				SWIFT_VERSION = 5.0;
				TARGETED_DEVICE_FAMILY = "1,2";
			};
			name = Debug;
		};
		1199306B2E75B95700406FC6 /* Release */ = {
			isa = XCBuildConfiguration;
			buildSettings = {
				CODE_SIGN_ENTITLEMENTS = DeviceActivityMonitor/DeviceActivityMonitor.entitlements;
				CODE_SIGN_STYLE = Automatic;
				CURRENT_PROJECT_VERSION = 1;
				DEVELOPMENT_TEAM = 4LR6TS2F59;
				GENERATE_INFOPLIST_FILE = YES;
				INFOPLIST_FILE = DeviceActivityMonitor/Info.plist;
				INFOPLIST_KEY_CFBundleDisplayName = DeviceActivityMonitor;
				INFOPLIST_KEY_NSHumanReadableCopyright = "";
				IPHONEOS_DEPLOYMENT_TARGET = 18.5;
				LD_RUNPATH_SEARCH_PATHS = (
					"$(inherited)",
					"@executable_path/Frameworks",
					"@executable_path/../../Frameworks",
				);
				MARKETING_VERSION = 1.0;
				PRODUCT_BUNDLE_IDENTIFIER = com.tcsm.orangeteamproject.DeviceActivityMonitor;
				PRODUCT_NAME = "$(TARGET_NAME)";
				SKIP_INSTALL = YES;
				SWIFT_EMIT_LOC_STRINGS = YES;
				SWIFT_VERSION = 5.0;
				TARGETED_DEVICE_FAMILY = "1,2";
			};
			name = Release;
		};
		90459F9F2DE24C2B0045BAB9 /* Debug */ = {
			isa = XCBuildConfiguration;
			buildSettings = {
				ALWAYS_SEARCH_USER_PATHS = NO;
				ASSETCATALOG_COMPILER_GENERATE_SWIFT_ASSET_SYMBOL_EXTENSIONS = YES;
				CLANG_ANALYZER_NONNULL = YES;
				CLANG_ANALYZER_NUMBER_OBJECT_CONVERSION = YES_AGGRESSIVE;
				CLANG_CXX_LANGUAGE_STANDARD = "gnu++20";
				CLANG_ENABLE_MODULES = YES;
				CLANG_ENABLE_OBJC_ARC = YES;
				CLANG_ENABLE_OBJC_WEAK = YES;
				CLANG_WARN_BLOCK_CAPTURE_AUTORELEASING = YES;
				CLANG_WARN_BOOL_CONVERSION = YES;
				CLANG_WARN_COMMA = YES;
				CLANG_WARN_CONSTANT_CONVERSION = YES;
				CLANG_WARN_DEPRECATED_OBJC_IMPLEMENTATIONS = YES;
				CLANG_WARN_DIRECT_OBJC_ISA_USAGE = YES_ERROR;
				CLANG_WARN_DOCUMENTATION_COMMENTS = YES;
				CLANG_WARN_EMPTY_BODY = YES;
				CLANG_WARN_ENUM_CONVERSION = YES;
				CLANG_WARN_INFINITE_RECURSION = YES;
				CLANG_WARN_INT_CONVERSION = YES;
				CLANG_WARN_NON_LITERAL_NULL_CONVERSION = YES;
				CLANG_WARN_OBJC_IMPLICIT_RETAIN_SELF = YES;
				CLANG_WARN_OBJC_LITERAL_CONVERSION = YES;
				CLANG_WARN_OBJC_ROOT_CLASS = YES_ERROR;
				CLANG_WARN_QUOTED_INCLUDE_IN_FRAMEWORK_HEADER = YES;
				CLANG_WARN_RANGE_LOOP_ANALYSIS = YES;
				CLANG_WARN_STRICT_PROTOTYPES = YES;
				CLANG_WARN_SUSPICIOUS_MOVE = YES;
				CLANG_WARN_UNGUARDED_AVAILABILITY = YES_AGGRESSIVE;
				CLANG_WARN_UNREACHABLE_CODE = YES;
				CLANG_WARN__DUPLICATE_METHOD_MATCH = YES;
				CODE_SIGN_ENTITLEMENTS = "";
				COPY_PHASE_STRIP = NO;
				DEBUG_INFORMATION_FORMAT = dwarf;
				DEVELOPMENT_TEAM = P388JWQBMB;
				ENABLE_STRICT_OBJC_MSGSEND = YES;
				ENABLE_TESTABILITY = YES;
				ENABLE_USER_SCRIPT_SANDBOXING = YES;
				GCC_C_LANGUAGE_STANDARD = gnu17;
				GCC_DYNAMIC_NO_PIC = NO;
				GCC_NO_COMMON_BLOCKS = YES;
				GCC_OPTIMIZATION_LEVEL = 0;
				GCC_PREPROCESSOR_DEFINITIONS = (
					"DEBUG=1",
					"$(inherited)",
				);
				GCC_WARN_64_TO_32_BIT_CONVERSION = YES;
				GCC_WARN_ABOUT_RETURN_TYPE = YES_ERROR;
				GCC_WARN_UNDECLARED_SELECTOR = YES;
				GCC_WARN_UNINITIALIZED_AUTOS = YES_AGGRESSIVE;
				GCC_WARN_UNUSED_FUNCTION = YES;
				GCC_WARN_UNUSED_VARIABLE = YES;
				IPHONEOS_DEPLOYMENT_TARGET = 17.4;
				LOCALIZATION_PREFERS_STRING_CATALOGS = YES;
				MTL_ENABLE_DEBUG_INFO = INCLUDE_SOURCE;
				MTL_FAST_MATH = YES;
				ONLY_ACTIVE_ARCH = YES;
				SDKROOT = iphoneos;
				SWIFT_ACTIVE_COMPILATION_CONDITIONS = "DEBUG $(inherited)";
				SWIFT_OPTIMIZATION_LEVEL = "-Onone";
			};
			name = Debug;
		};
		90459FA02DE24C2B0045BAB9 /* Release */ = {
			isa = XCBuildConfiguration;
			buildSettings = {
				ALWAYS_SEARCH_USER_PATHS = NO;
				ASSETCATALOG_COMPILER_GENERATE_SWIFT_ASSET_SYMBOL_EXTENSIONS = YES;
				CLANG_ANALYZER_NONNULL = YES;
				CLANG_ANALYZER_NUMBER_OBJECT_CONVERSION = YES_AGGRESSIVE;
				CLANG_CXX_LANGUAGE_STANDARD = "gnu++20";
				CLANG_ENABLE_MODULES = YES;
				CLANG_ENABLE_OBJC_ARC = YES;
				CLANG_ENABLE_OBJC_WEAK = YES;
				CLANG_WARN_BLOCK_CAPTURE_AUTORELEASING = YES;
				CLANG_WARN_BOOL_CONVERSION = YES;
				CLANG_WARN_COMMA = YES;
				CLANG_WARN_CONSTANT_CONVERSION = YES;
				CLANG_WARN_DEPRECATED_OBJC_IMPLEMENTATIONS = YES;
				CLANG_WARN_DIRECT_OBJC_ISA_USAGE = YES_ERROR;
				CLANG_WARN_DOCUMENTATION_COMMENTS = YES;
				CLANG_WARN_EMPTY_BODY = YES;
				CLANG_WARN_ENUM_CONVERSION = YES;
				CLANG_WARN_INFINITE_RECURSION = YES;
				CLANG_WARN_INT_CONVERSION = YES;
				CLANG_WARN_NON_LITERAL_NULL_CONVERSION = YES;
				CLANG_WARN_OBJC_IMPLICIT_RETAIN_SELF = YES;
				CLANG_WARN_OBJC_LITERAL_CONVERSION = YES;
				CLANG_WARN_OBJC_ROOT_CLASS = YES_ERROR;
				CLANG_WARN_QUOTED_INCLUDE_IN_FRAMEWORK_HEADER = YES;
				CLANG_WARN_RANGE_LOOP_ANALYSIS = YES;
				CLANG_WARN_STRICT_PROTOTYPES = YES;
				CLANG_WARN_SUSPICIOUS_MOVE = YES;
				CLANG_WARN_UNGUARDED_AVAILABILITY = YES_AGGRESSIVE;
				CLANG_WARN_UNREACHABLE_CODE = YES;
				CLANG_WARN__DUPLICATE_METHOD_MATCH = YES;
				CODE_SIGN_ENTITLEMENTS = "";
				COPY_PHASE_STRIP = NO;
				DEBUG_INFORMATION_FORMAT = "dwarf-with-dsym";
				DEVELOPMENT_TEAM = P388JWQBMB;
				ENABLE_NS_ASSERTIONS = NO;
				ENABLE_STRICT_OBJC_MSGSEND = YES;
				ENABLE_USER_SCRIPT_SANDBOXING = YES;
				GCC_C_LANGUAGE_STANDARD = gnu17;
				GCC_NO_COMMON_BLOCKS = YES;
				GCC_WARN_64_TO_32_BIT_CONVERSION = YES;
				GCC_WARN_ABOUT_RETURN_TYPE = YES_ERROR;
				GCC_WARN_UNDECLARED_SELECTOR = YES;
				GCC_WARN_UNINITIALIZED_AUTOS = YES_AGGRESSIVE;
				GCC_WARN_UNUSED_FUNCTION = YES;
				GCC_WARN_UNUSED_VARIABLE = YES;
				IPHONEOS_DEPLOYMENT_TARGET = 17.4;
				LOCALIZATION_PREFERS_STRING_CATALOGS = YES;
				MTL_ENABLE_DEBUG_INFO = NO;
				MTL_FAST_MATH = YES;
				SDKROOT = iphoneos;
				SWIFT_COMPILATION_MODE = wholemodule;
				VALIDATE_PRODUCT = YES;
			};
			name = Release;
		};
		90459FA22DE24C2B0045BAB9 /* Debug */ = {
			isa = XCBuildConfiguration;
			buildSettings = {
				ASSETCATALOG_COMPILER_APPICON_NAME = AppIcon;
				ASSETCATALOG_COMPILER_GLOBAL_ACCENT_COLOR_NAME = AccentColor;
				CODE_SIGN_ENTITLEMENTS = "CoderSchool working towards congrsional app challenge/CoderSchool working towards congrsional app challenge.entitlements";
				CODE_SIGN_STYLE = Automatic;
				CURRENT_PROJECT_VERSION = 1;
				DEVELOPMENT_ASSET_PATHS = "\"CoderSchool working towards congrsional app challenge/Preview Content\"";
				DEVELOPMENT_TEAM = 4LR6TS2F59;
				ENABLE_PREVIEWS = YES;
				GENERATE_INFOPLIST_FILE = YES;
				INFOPLIST_KEY_UIApplicationSceneManifest_Generation = YES;
				INFOPLIST_KEY_UIApplicationSupportsIndirectInputEvents = YES;
				INFOPLIST_KEY_UILaunchScreen_Generation = YES;
				INFOPLIST_KEY_UISupportedInterfaceOrientations_iPad = "UIInterfaceOrientationPortrait UIInterfaceOrientationPortraitUpsideDown UIInterfaceOrientationLandscapeLeft UIInterfaceOrientationLandscapeRight";
				INFOPLIST_KEY_UISupportedInterfaceOrientations_iPhone = "UIInterfaceOrientationPortrait UIInterfaceOrientationLandscapeLeft UIInterfaceOrientationLandscapeRight";
				LD_RUNPATH_SEARCH_PATHS = (
					"$(inherited)",
					"@executable_path/Frameworks",
				);
				MARKETING_VERSION = 1.0;
				PRODUCT_BUNDLE_IDENTIFIER = com.tcsm.orangeteamproject;
				PRODUCT_NAME = "$(TARGET_NAME)";
				SWIFT_EMIT_LOC_STRINGS = YES;
				SWIFT_VERSION = 5.0;
				TARGETED_DEVICE_FAMILY = "1,2";
			};
			name = Debug;
		};
		90459FA32DE24C2B0045BAB9 /* Release */ = {
			isa = XCBuildConfiguration;
			buildSettings = {
				ASSETCATALOG_COMPILER_APPICON_NAME = AppIcon;
				ASSETCATALOG_COMPILER_GLOBAL_ACCENT_COLOR_NAME = AccentColor;
				CODE_SIGN_ENTITLEMENTS = "CoderSchool working towards congrsional app challenge/CoderSchool working towards congrsional app challenge.entitlements";
				CODE_SIGN_STYLE = Automatic;
				CURRENT_PROJECT_VERSION = 1;
				DEVELOPMENT_ASSET_PATHS = "\"CoderSchool working towards congrsional app challenge/Preview Content\"";
				DEVELOPMENT_TEAM = 4LR6TS2F59;
				ENABLE_PREVIEWS = YES;
				GENERATE_INFOPLIST_FILE = YES;
				INFOPLIST_KEY_UIApplicationSceneManifest_Generation = YES;
				INFOPLIST_KEY_UIApplicationSupportsIndirectInputEvents = YES;
				INFOPLIST_KEY_UILaunchScreen_Generation = YES;
				INFOPLIST_KEY_UISupportedInterfaceOrientations_iPad = "UIInterfaceOrientationPortrait UIInterfaceOrientationPortraitUpsideDown UIInterfaceOrientationLandscapeLeft UIInterfaceOrientationLandscapeRight";
				INFOPLIST_KEY_UISupportedInterfaceOrientations_iPhone = "UIInterfaceOrientationPortrait UIInterfaceOrientationLandscapeLeft UIInterfaceOrientationLandscapeRight";
				LD_RUNPATH_SEARCH_PATHS = (
					"$(inherited)",
					"@executable_path/Frameworks",
				);
				MARKETING_VERSION = 1.0;
				PRODUCT_BUNDLE_IDENTIFIER = com.tcsm.orangeteamproject;
				PRODUCT_NAME = "$(TARGET_NAME)";
				SWIFT_EMIT_LOC_STRINGS = YES;
				SWIFT_VERSION = 5.0;
				TARGETED_DEVICE_FAMILY = "1,2";
			};
			name = Release;
		};
/* End XCBuildConfiguration section */

/* Begin XCConfigurationList section */
		119930692E75B95700406FC6 /* Build configuration list for PBXNativeTarget "DeviceActivityMonitor" */ = {
			isa = XCConfigurationList;
			buildConfigurations = (
				1199306A2E75B95700406FC6 /* Debug */,
				1199306B2E75B95700406FC6 /* Release */,
			);
			defaultConfigurationIsVisible = 0;
			defaultConfigurationName = Release;
		};
		90459F8E2DE24C2A0045BAB9 /* Build configuration list for PBXProject "CoderSchool working towards congrsional app challenge" */ = {
			isa = XCConfigurationList;
			buildConfigurations = (
				90459F9F2DE24C2B0045BAB9 /* Debug */,
				90459FA02DE24C2B0045BAB9 /* Release */,
			);
			defaultConfigurationIsVisible = 0;
			defaultConfigurationName = Release;
		};
		90459FA12DE24C2B0045BAB9 /* Build configuration list for PBXNativeTarget "CoderSchool working towards congrsional app challenge" */ = {
			isa = XCConfigurationList;
			buildConfigurations = (
				90459FA22DE24C2B0045BAB9 /* Debug */,
				90459FA32DE24C2B0045BAB9 /* Release */,
			);
			defaultConfigurationIsVisible = 0;
			defaultConfigurationName = Release;
		};
/* End XCConfigurationList section */
	};
	rootObject = 90459F8B2DE24C2A0045BAB9 /* Project object */;
}
